
Microsoft Visual Studio Solution File, Format Version 12.00
# Visual Studio 15
VisualStudioVersion = 15.0.26124.0
MinimumVisualStudioVersion = 15.0.26124.0
Project("{FAE04EC0-301F-11D3-BF4B-00C04F79EFBC}") = "WebAPI", "WebApi\WebAPI.csproj", "{3D735AFB-EDEC-4E8A-BE98-B8367AB9F625}"
EndProject
Project("{FAE04EC0-301F-11D3-BF4B-00C04F79EFBC}") = "Application", "Application\Application.csproj", "{5A06DECC-258A-4D72-8549-9E7B1C22E7C1}"
EndProject
Project("{FAE04EC0-301F-11D3-BF4B-00C04F79EFBC}") = "Common", "Common\Common.csproj", "{59CA16E7-912F-47BC-B420-4B42CCBDFAF1}"
EndProject
Project("{FAE04EC0-301F-11D3-BF4B-00C04F79EFBC}") = "Data", "Data\Data.csproj", "{F7A1FB2F-0D34-4CDA-BA62-BEDC32B70B86}"
EndProject
Global
	GlobalSection(SolutionConfigurationPlatforms) = preSolution
		Debug|Any CPU = Debug|Any CPU
		Debug|x64 = Debug|x64
		Debug|x86 = Debug|x86
		Release|Any CPU = Release|Any CPU
		Release|x64 = Release|x64
		Release|x86 = Release|x86
	EndGlobalSection
	GlobalSection(SolutionProperties) = preSolution
		HideSolutionNode = FALSE
	EndGlobalSection
	GlobalSection(ProjectConfigurationPlatforms) = postSolution
		{3D735AFB-EDEC-4E8A-BE98-B8367AB9F625}.Debug|Any CPU.ActiveCfg = Debug|Any CPU
		{3D735AFB-EDEC-4E8A-BE98-B8367AB9F625}.Debug|Any CPU.Build.0 = Debug|Any CPU
		{3D735AFB-EDEC-4E8A-BE98-B8367AB9F625}.Debug|x64.ActiveCfg = Debug|Any CPU
		{3D735AFB-EDEC-4E8A-BE98-B8367AB9F625}.Debug|x64.Build.0 = Debug|Any CPU
		{3D735AFB-EDEC-4E8A-BE98-B8367AB9F625}.Debug|x86.ActiveCfg = Debug|Any CPU
		{3D735AFB-EDEC-4E8A-BE98-B8367AB9F625}.Debug|x86.Build.0 = Debug|Any CPU
		{3D735AFB-EDEC-4E8A-BE98-B8367AB9F625}.Release|Any CPU.ActiveCfg = Release|Any CPU
		{3D735AFB-EDEC-4E8A-BE98-B8367AB9F625}.Release|Any CPU.Build.0 = Release|Any CPU
		{3D735AFB-EDEC-4E8A-BE98-B8367AB9F625}.Release|x64.ActiveCfg = Release|Any CPU
		{3D735AFB-EDEC-4E8A-BE98-B8367AB9F625}.Release|x64.Build.0 = Release|Any CPU
		{3D735AFB-EDEC-4E8A-BE98-B8367AB9F625}.Release|x86.ActiveCfg = Release|Any CPU
		{3D735AFB-EDEC-4E8A-BE98-B8367AB9F625}.Release|x86.Build.0 = Release|Any CPU
		{5A06DECC-258A-4D72-8549-9E7B1C22E7C1}.Debug|Any CPU.ActiveCfg = Debug|Any CPU
		{5A06DECC-258A-4D72-8549-9E7B1C22E7C1}.Debug|Any CPU.Build.0 = Debug|Any CPU
		{5A06DECC-258A-4D72-8549-9E7B1C22E7C1}.Debug|x64.ActiveCfg = Debug|Any CPU
		{5A06DECC-258A-4D72-8549-9E7B1C22E7C1}.Debug|x64.Build.0 = Debug|Any CPU
		{5A06DECC-258A-4D72-8549-9E7B1C22E7C1}.Debug|x86.ActiveCfg = Debug|Any CPU
		{5A06DECC-258A-4D72-8549-9E7B1C22E7C1}.Debug|x86.Build.0 = Debug|Any CPU
		{5A06DECC-258A-4D72-8549-9E7B1C22E7C1}.Release|Any CPU.ActiveCfg = Release|Any CPU
		{5A06DECC-258A-4D72-8549-9E7B1C22E7C1}.Release|Any CPU.Build.0 = Release|Any CPU
		{5A06DECC-258A-4D72-8549-9E7B1C22E7C1}.Release|x64.ActiveCfg = Release|Any CPU
		{5A06DECC-258A-4D72-8549-9E7B1C22E7C1}.Release|x64.Build.0 = Release|Any CPU
		{5A06DECC-258A-4D72-8549-9E7B1C22E7C1}.Release|x86.ActiveCfg = Release|Any CPU
		{5A06DECC-258A-4D72-8549-9E7B1C22E7C1}.Release|x86.Build.0 = Release|Any CPU
		{59CA16E7-912F-47BC-B420-4B42CCBDFAF1}.Debug|Any CPU.ActiveCfg = Debug|Any CPU
		{59CA16E7-912F-47BC-B420-4B42CCBDFAF1}.Debug|Any CPU.Build.0 = Debug|Any CPU
		{59CA16E7-912F-47BC-B420-4B42CCBDFAF1}.Debug|x64.ActiveCfg = Debug|Any CPU
		{59CA16E7-912F-47BC-B420-4B42CCBDFAF1}.Debug|x64.Build.0 = Debug|Any CPU
		{59CA16E7-912F-47BC-B420-4B42CCBDFAF1}.Debug|x86.ActiveCfg = Debug|Any CPU
		{59CA16E7-912F-47BC-B420-4B42CCBDFAF1}.Debug|x86.Build.0 = Debug|Any CPU
		{59CA16E7-912F-47BC-B420-4B42CCBDFAF1}.Release|Any CPU.ActiveCfg = Release|Any CPU
		{59CA16E7-912F-47BC-B420-4B42CCBDFAF1}.Release|Any CPU.Build.0 = Release|Any CPU
		{59CA16E7-912F-47BC-B420-4B42CCBDFAF1}.Release|x64.ActiveCfg = Release|Any CPU
		{59CA16E7-912F-47BC-B420-4B42CCBDFAF1}.Release|x64.Build.0 = Release|Any CPU
		{59CA16E7-912F-47BC-B420-4B42CCBDFAF1}.Release|x86.ActiveCfg = Release|Any CPU
		{59CA16E7-912F-47BC-B420-4B42CCBDFAF1}.Release|x86.Build.0 = Release|Any CPU
		{F7A1FB2F-0D34-4CDA-BA62-BEDC32B70B86}.Debug|Any CPU.ActiveCfg = Debug|Any CPU
		{F7A1FB2F-0D34-4CDA-BA62-BEDC32B70B86}.Debug|Any CPU.Build.0 = Debug|Any CPU
		{F7A1FB2F-0D34-4CDA-BA62-BEDC32B70B86}.Debug|x64.ActiveCfg = Debug|Any CPU
		{F7A1FB2F-0D34-4CDA-BA62-BEDC32B70B86}.Debug|x64.Build.0 = Debug|Any CPU
		{F7A1FB2F-0D34-4CDA-BA62-BEDC32B70B86}.Debug|x86.ActiveCfg = Debug|Any CPU
		{F7A1FB2F-0D34-4CDA-BA62-BEDC32B70B86}.Debug|x86.Build.0 = Debug|Any CPU
		{F7A1FB2F-0D34-4CDA-BA62-BEDC32B70B86}.Release|Any CPU.ActiveCfg = Release|Any CPU
		{F7A1FB2F-0D34-4CDA-BA62-BEDC32B70B86}.Release|Any CPU.Build.0 = Release|Any CPU
		{F7A1FB2F-0D34-4CDA-BA62-BEDC32B70B86}.Release|x64.ActiveCfg = Release|Any CPU
		{F7A1FB2F-0D34-4CDA-BA62-BEDC32B70B86}.Release|x64.Build.0 = Release|Any CPU
		{F7A1FB2F-0D34-4CDA-BA62-BEDC32B70B86}.Release|x86.ActiveCfg = Release|Any CPU
		{F7A1FB2F-0D34-4CDA-BA62-BEDC32B70B86}.Release|x86.Build.0 = Release|Any CPU
	EndGlobalSection
EndGlobal
